// !$*UTF8*$!
{
	archiveVersion = 1;
	classes = {
	};
	objectVersion = 55;
	objects = {

/* Begin PBXBuildFile section */
		A465F9F6285F9173000D91B4 /* HackerApp.swift in Sources */ = {isa = PBXBuildFile; fileRef = A465F9F5285F9173000D91B4 /* HackerApp.swift */; };
		A465F9F8285F9173000D91B4 /* ContentView.swift in Sources */ = {isa = PBXBuildFile; fileRef = A465F9F7285F9173000D91B4 /* ContentView.swift */; };
		A465F9FA285F9174000D91B4 /* Assets.xcassets in Resources */ = {isa = PBXBuildFile; fileRef = A465F9F9285F9174000D91B4 /* Assets.xcassets */; };
		A465F9FD285F9174000D91B4 /* Preview Assets.xcassets in Resources */ = {isa = PBXBuildFile; fileRef = A465F9FC285F9174000D91B4 /* Preview Assets.xcassets */; };
		A465FA04285F9438000D91B4 /* NetworkManager.swift in Sources */ = {isa = PBXBuildFile; fileRef = A465FA03285F9438000D91B4 /* NetworkManager.swift */; };
		A465FA07285F95BF000D91B4 /* PostData.swift in Sources */ = {isa = PBXBuildFile; fileRef = A465FA06285F95BF000D91B4 /* PostData.swift */; };
		A465FA0A285F9ACE000D91B4 /* DetailView.swift in Sources */ = {isa = PBXBuildFile; fileRef = A465FA09285F9ACE000D91B4 /* DetailView.swift */; };
		A465FA0C285F9E18000D91B4 /* WebView.swift in Sources */ = {isa = PBXBuildFile; fileRef = A465FA0B285F9E18000D91B4 /* WebView.swift */; };
/* End PBXBuildFile section */

/* Begin PBXFileReference section */
		A465F9F2285F9173000D91B4 /* Hacker.app */ = {isa = PBXFileReference; explicitFileType = wrapper.application; includeInIndex = 0; path = Hacker.app; sourceTree = BUILT_PRODUCTS_DIR; };
		A465F9F5285F9173000D91B4 /* HackerApp.swift */ = {isa = PBXFileReference; lastKnownFileType = sourcecode.swift; path = HackerApp.swift; sourceTree = "<group>"; };
		A465F9F7285F9173000D91B4 /* ContentView.swift */ = {isa = PBXFileReference; lastKnownFileType = sourcecode.swift; path = ContentView.swift; sourceTree = "<group>"; };
		A465F9F9285F9174000D91B4 /* Assets.xcassets */ = {isa = PBXFileReference; lastKnownFileType = folder.assetcatalog; path = Assets.xcassets; sourceTree = "<group>"; };
		A465F9FC285F9174000D91B4 /* Preview Assets.xcassets */ = {isa = PBXFileReference; lastKnownFileType = folder.assetcatalog; path = "Preview Assets.xcassets"; sourceTree = "<group>"; };
		A465FA03285F9438000D91B4 /* NetworkManager.swift */ = {isa = PBXFileReference; lastKnownFileType = sourcecode.swift; path = NetworkManager.swift; sourceTree = "<group>"; };
		A465FA06285F95BF000D91B4 /* PostData.swift */ = {isa = PBXFileReference; lastKnownFileType = sourcecode.swift; path = PostData.swift; sourceTree = "<group>"; };
		A465FA09285F9ACE000D91B4 /* DetailView.swift */ = {isa = PBXFileReference; lastKnownFileType = sourcecode.swift; path = DetailView.swift; sourceTree = "<group>"; };
		A465FA0B285F9E18000D91B4 /* WebView.swift */ = {isa = PBXFileReference; lastKnownFileType = sourcecode.swift; path = WebView.swift; sourceTree = "<group>"; };
		A465FA0D285F9F79000D91B4 /* Hacker.entitlements */ = {isa = PBXFileReference; lastKnownFileType = text.plist.entitlements; path = Hacker.entitlements; sourceTree = "<group>"; };
/* End PBXFileReference section */

/* Begin PBXFrameworksBuildPhase section */
		A465F9EF285F9173000D91B4 /* Frameworks */ = {
			isa = PBXFrameworksBuildPhase;
			buildActionMask = 2147483647;
			files = (
			);
			runOnlyForDeploymentPostprocessing = 0;
		};
/* End PBXFrameworksBuildPhase section */

/* Begin PBXGroup section */
		A465F9E9285F9173000D91B4 = {
			isa = PBXGroup;
			children = (
				A465F9F4285F9173000D91B4 /* Hacker */,
				A465F9F3285F9173000D91B4 /* Products */,
			);
			sourceTree = "<group>";
		};
		A465F9F3285F9173000D91B4 /* Products */ = {
			isa = PBXGroup;
			children = (
				A465F9F2285F9173000D91B4 /* Hacker.app */,
			);
			name = Products;
			sourceTree = "<group>";
		};
		A465F9F4285F9173000D91B4 /* Hacker */ = {
			isa = PBXGroup;
			children = (
				A465FA0D285F9F79000D91B4 /* Hacker.entitlements */,
				A465FA05285F9448000D91B4 /* Models */,
				A465F9F5285F9173000D91B4 /* HackerApp.swift */,
				A465FA08285F9AC0000D91B4 /* Views */,
				A465F9F9285F9174000D91B4 /* Assets.xcassets */,
				A465F9FB285F9174000D91B4 /* Preview Content */,
			);
			path = Hacker;
			sourceTree = "<group>";
		};
		A465F9FB285F9174000D91B4 /* Preview Content */ = {
			isa = PBXGroup;
			children = (
				A465F9FC285F9174000D91B4 /* Preview Assets.xcassets */,
			);
			path = "Preview Content";
			sourceTree = "<group>";
		};
		A465FA05285F9448000D91B4 /* Models */ = {
			isa = PBXGroup;
			children = (
				A465FA03285F9438000D91B4 /* NetworkManager.swift */,
				A465FA06285F95BF000D91B4 /* PostData.swift */,
			);
			path = Models;
			sourceTree = "<group>";
		};
		A465FA08285F9AC0000D91B4 /* Views */ = {
			isa = PBXGroup;
			children = (
				A465F9F7285F9173000D91B4 /* ContentView.swift */,
				A465FA09285F9ACE000D91B4 /* DetailView.swift */,
				A465FA0B285F9E18000D91B4 /* WebView.swift */,
			);
			path = Views;
			sourceTree = "<group>";
		};
/* End PBXGroup section */

/* Begin PBXNativeTarget section */
		A465F9F1285F9173000D91B4 /* Hacker */ = {
			isa = PBXNativeTarget;
			buildConfigurationList = A465FA00285F9174000D91B4 /* Build configuration list for PBXNativeTarget "Hacker" */;
			buildPhases = (
				A465F9EE285F9173000D91B4 /* Sources */,
				A465F9EF285F9173000D91B4 /* Frameworks */,
				A465F9F0285F9173000D91B4 /* Resources */,
			);
			buildRules = (
			);
			dependencies = (
			);
			name = Hacker;
			productName = Hacker;
			productReference = A465F9F2285F9173000D91B4 /* Hacker.app */;
			productType = "com.apple.product-type.application";
		};
/* End PBXNativeTarget section */

/* Begin PBXProject section */
		A465F9EA285F9173000D91B4 /* Project object */ = {
			isa = PBXProject;
			attributes = {
				BuildIndependentTargetsInParallel = 1;
				LastSwiftUpdateCheck = 1340;
				LastUpgradeCheck = 1340;
				TargetAttributes = {
					A465F9F1285F9173000D91B4 = {
						CreatedOnToolsVersion = 13.4.1;
					};
				};
			};
			buildConfigurationList = A465F9ED285F9173000D91B4 /* Build configuration list for PBXProject "Hacker" */;
			compatibilityVersion = "Xcode 13.0";
			developmentRegion = en;
			hasScannedForEncodings = 0;
			knownRegions = (
				en,
				Base,
			);
			mainGroup = A465F9E9285F9173000D91B4;
			productRefGroup = A465F9F3285F9173000D91B4 /* Products */;
			projectDirPath = "";
			projectRoot = "";
			targets = (
				A465F9F1285F9173000D91B4 /* Hacker */,
			);
		};
/* End PBXProject section */

/* Begin PBXResourcesBuildPhase section */
		A465F9F0285F9173000D91B4 /* Resources */ = {
			isa = PBXResourcesBuildPhase;
			buildActionMask = 2147483647;
			files = (
				A465F9FD285F9174000D91B4 /* Preview Assets.xcassets in Resources */,
				A465F9FA285F9174000D91B4 /* Assets.xcassets in Resources */,
			);
			runOnlyForDeploymentPostprocessing = 0;
		};
/* End PBXResourcesBuildPhase section */

/* Begin PBXSourcesBuildPhase section */
		A465F9EE285F9173000D91B4 /* Sources */ = {
			isa = PBXSourcesBuildPhase;
			buildActionMask = 2147483647;
			files = (
				A465FA04285F9438000D91B4 /* NetworkManager.swift in Sources */,
				A465FA07285F95BF000D91B4 /* PostData.swift in Sources */,
				A465F9F8285F9173000D91B4 /* ContentView.swift in Sources */,
				A465FA0C285F9E18000D91B4 /* WebView.swift in Sources */,
				A465FA0A285F9ACE000D91B4 /* DetailView.swift in Sources */,
				A465F9F6285F9173000D91B4 /* HackerApp.swift in Sources */,
			);
			runOnlyForDeploymentPostprocessing = 0;
		};
/* End PBXSourcesBuildPhase section */

/* Begin XCBuildConfiguration section */
		A465F9FE285F9174000D91B4 /* Debug */ = {
			isa = XCBuildConfiguration;
			buildSettings = {
				ALWAYS_SEARCH_USER_PATHS = NO;
				CLANG_ANALYZER_NONNULL = YES;
				CLANG_ANALYZER_NUMBER_OBJECT_CONVERSION = YES_AGGRESSIVE;
				CLANG_CXX_LANGUAGE_STANDARD = "gnu++17";
				CLANG_ENABLE_MODULES = YES;
				CLANG_ENABLE_OBJC_ARC = YES;
				CLANG_ENABLE_OBJC_WEAK = YES;
				CLANG_WARN_BLOCK_CAPTURE_AUTORELEASING = YES;
				CLANG_WARN_BOOL_CONVERSION = YES;
				CLANG_WARN_COMMA = YES;
				CLANG_WARN_CONSTANT_CONVERSION = YES;
				CLANG_WARN_DEPRECATED_OBJC_IMPLEMENTATIONS = YES;
				CLANG_WARN_DIRECT_OBJC_ISA_USAGE = YES_ERROR;
				CLANG_WARN_DOCUMENTATION_COMMENTS = YES;
				CLANG_WARN_EMPTY_BODY = YES;
				CLANG_WARN_ENUM_CONVERSION = YES;
				CLANG_WARN_INFINITE_RECURSION = YES;
				CLANG_WARN_INT_CONVERSION = YES;
				CLANG_WARN_NON_LITERAL_NULL_CONVERSION = YES;
				CLANG_WARN_OBJC_IMPLICIT_RETAIN_SELF = YES;
				CLANG_WARN_OBJC_LITERAL_CONVERSION = YES;
				CLANG_WARN_OBJC_ROOT_CLASS = YES_ERROR;
				CLANG_WARN_QUOTED_INCLUDE_IN_FRAMEWORK_HEADER = YES;
				CLANG_WARN_RANGE_LOOP_ANALYSIS = YES;
				CLANG_WARN_STRICT_PROTOTYPES = YES;
				CLANG_WARN_SUSPICIOUS_MOVE = YES;
				CLANG_WARN_UNGUARDED_AVAILABILITY = YES_AGGRESSIVE;
				CLANG_WARN_UNREACHABLE_CODE = YES;
				CLANG_WARN__DUPLICATE_METHOD_MATCH = YES;
				COPY_PHASE_STRIP = NO;
				DEBUG_INFORMATION_FORMAT = dwarf;
				ENABLE_STRICT_OBJC_MSGSEND = YES;
				ENABLE_TESTABILITY = YES;
				GCC_C_LANGUAGE_STANDARD = gnu11;
				GCC_DYNAMIC_NO_PIC = NO;
				GCC_NO_COMMON_BLOCKS = YES;
				GCC_OPTIMIZATION_LEVEL = 0;
				GCC_PREPROCESSOR_DEFINITIONS = (
					"DEBUG=1",
					"$(inherited)",
				);
				GCC_WARN_64_TO_32_BIT_CONVERSION = YES;
				GCC_WARN_ABOUT_RETURN_TYPE = YES_ERROR;
				GCC_WARN_UNDECLARED_SELECTOR = YES;
				GCC_WARN_UNINITIALIZED_AUTOS = YES_AGGRESSIVE;
				GCC_WARN_UNUSED_FUNCTION = YES;
				GCC_WARN_UNUSED_VARIABLE = YES;
				IPHONEOS_DEPLOYMENT_TARGET = 15.5;
				MTL_ENABLE_DEBUG_INFO = INCLUDE_SOURCE;
				MTL_FAST_MATH = YES;
				ONLY_ACTIVE_ARCH = YES;
				SDKROOT = iphoneos;
				SWIFT_ACTIVE_COMPILATION_CONDITIONS = DEBUG;
				SWIFT_OPTIMIZATION_LEVEL = "-Onone";
			};
			name = Debug;
		};
		A465F9FF285F9174000D91B4 /* Release */ = {
			isa = XCBuildConfiguration;
			buildSettings = {
				ALWAYS_SEARCH_USER_PATHS = NO;
				CLANG_ANALYZER_NONNULL = YES;
				CLANG_ANALYZER_NUMBER_OBJECT_CONVERSION = YES_AGGRESSIVE;
				CLANG_CXX_LANGUAGE_STANDARD = "gnu++17";
				CLANG_ENABLE_MODULES = YES;
				CLANG_ENABLE_OBJC_ARC = YES;
				CLANG_ENABLE_OBJC_WEAK = YES;
				CLANG_WARN_BLOCK_CAPTURE_AUTORELEASING = YES;
				CLANG_WARN_BOOL_CONVERSION = YES;
				CLANG_WARN_COMMA = YES;
				CLANG_WARN_CONSTANT_CONVERSION = YES;
				CLANG_WARN_DEPRECATED_OBJC_IMPLEMENTATIONS = YES;
				CLANG_WARN_DIRECT_OBJC_ISA_USAGE = YES_ERROR;
				CLANG_WARN_DOCUMENTATION_COMMENTS = YES;
				CLANG_WARN_EMPTY_BODY = YES;
				CLANG_WARN_ENUM_CONVERSION = YES;
				CLANG_WARN_INFINITE_RECURSION = YES;
				CLANG_WARN_INT_CONVERSION = YES;
				CLANG_WARN_NON_LITERAL_NULL_CONVERSION = YES;
				CLANG_WARN_OBJC_IMPLICIT_RETAIN_SELF = YES;
				CLANG_WARN_OBJC_LITERAL_CONVERSION = YES;
				CLANG_WARN_OBJC_ROOT_CLASS = YES_ERROR;
				CLANG_WARN_QUOTED_INCLUDE_IN_FRAMEWORK_HEADER = YES;
				CLANG_WARN_RANGE_LOOP_ANALYSIS = YES;
				CLANG_WARN_STRICT_PROTOTYPES = YES;
				CLANG_WARN_SUSPICIOUS_MOVE = YES;
				CLANG_WARN_UNGUARDED_AVAILABILITY = YES_AGGRESSIVE;
				CLANG_WARN_UNREACHABLE_CODE = YES;
				CLANG_WARN__DUPLICATE_METHOD_MATCH = YES;
				COPY_PHASE_STRIP = NO;
				DEBUG_INFORMATION_FORMAT = "dwarf-with-dsym";
				ENABLE_NS_ASSERTIONS = NO;
				ENABLE_STRICT_OBJC_MSGSEND = YES;
				GCC_C_LANGUAGE_STANDARD = gnu11;
				GCC_NO_COMMON_BLOCKS = YES;
				GCC_WARN_64_TO_32_BIT_CONVERSION = YES;
				GCC_WARN_ABOUT_RETURN_TYPE = YES_ERROR;
				GCC_WARN_UNDECLARED_SELECTOR = YES;
				GCC_WARN_UNINITIALIZED_AUTOS = YES_AGGRESSIVE;
				GCC_WARN_UNUSED_FUNCTION = YES;
				GCC_WARN_UNUSED_VARIABLE = YES;
				IPHONEOS_DEPLOYMENT_TARGET = 15.5;
				MTL_ENABLE_DEBUG_INFO = NO;
				MTL_FAST_MATH = YES;
				SDKROOT = iphoneos;
				SWIFT_COMPILATION_MODE = wholemodule;
				SWIFT_OPTIMIZATION_LEVEL = "-O";
				VALIDATE_PRODUCT = YES;
			};
			name = Release;
		};
		A465FA01285F9174000D91B4 /* Debug */ = {
			isa = XCBuildConfiguration;
			buildSettings = {
				ASSETCATALOG_COMPILER_APPICON_NAME = AppIcon;
				ASSETCATALOG_COMPILER_GLOBAL_ACCENT_COLOR_NAME = AccentColor;
				CODE_SIGN_ENTITLEMENTS = Hacker/Hacker.entitlements;
				CODE_SIGN_STYLE = Automatic;
				CURRENT_PROJECT_VERSION = 1;
				DEVELOPMENT_ASSET_PATHS = "\"Hacker/Preview Content\"";
				DEVELOPMENT_TEAM = VZ74DPLR7X;
				ENABLE_PREVIEWS = YES;
				GENERATE_INFOPLIST_FILE = YES;
				INFOPLIST_KEY_UIApplicationSceneManifest_Generation = YES;
				INFOPLIST_KEY_UIApplicationSupportsIndirectInputEvents = YES;
				INFOPLIST_KEY_UILaunchScreen_Generation = YES;
				INFOPLIST_KEY_UISupportedInterfaceOrientations_iPad = "UIInterfaceOrientationPortrait UIInterfaceOrientationPortraitUpsideDown UIInterfaceOrientationLandscapeLeft UIInterfaceOrientationLandscapeRight";
				INFOPLIST_KEY_UISupportedInterfaceOrientations_iPhone = "UIInterfaceOrientationPortrait UIInterfaceOrientationLandscapeLeft UIInterfaceOrientationLandscapeRight";
				LD_RUNPATH_SEARCH_PATHS = (
					"$(inherited)",
					"@executable_path/Frameworks",
				);
				MARKETING_VERSION = 1.0;
				PRODUCT_BUNDLE_IDENTIFIER = co.appbrewery.Hacker;
				PRODUCT_NAME = "$(TARGET_NAME)";
				SUPPORTS_MACCATALYST = YES;
				SWIFT_EMIT_LOC_STRINGS = YES;
				SWIFT_VERSION = 5.0;
				TARGETED_DEVICE_FAMILY = "1,2";
			};
			name = Debug;
		};
		A465FA02285F9174000D91B4 /* Release */ = {
			isa = XCBuildConfiguration;
			buildSettings = {
				ASSETCATALOG_COMPILER_APPICON_NAME = AppIcon;
				ASSETCATALOG_COMPILER_GLOBAL_ACCENT_COLOR_NAME = AccentColor;
				CODE_SIGN_ENTITLEMENTS = Hacker/Hacker.entitlements;
				CODE_SIGN_STYLE = Automatic;
				CURRENT_PROJECT_VERSION = 1;
				DEVELOPMENT_ASSET_PATHS = "\"Hacker/Preview Content\"";
				DEVELOPMENT_TEAM = VZ74DPLR7X;
				ENABLE_PREVIEWS = YES;
				GENERATE_INFOPLIST_FILE = YES;
				INFOPLIST_KEY_UIApplicationSceneManifest_Generation = YES;
				INFOPLIST_KEY_UIApplicationSupportsIndirectInputEvents = YES;
				INFOPLIST_KEY_UILaunchScreen_Generation = YES;
				INFOPLIST_KEY_UISupportedInterfaceOrientations_iPad = "UIInterfaceOrientationPortrait UIInterfaceOrientationPortraitUpsideDown UIInterfaceOrientationLandscapeLeft UIInterfaceOrientationLandscapeRight";
				INFOPLIST_KEY_UISupportedInterfaceOrientations_iPhone = "UIInterfaceOrientationPortrait UIInterfaceOrientationLandscapeLeft UIInterfaceOrientationLandscapeRight";
				LD_RUNPATH_SEARCH_PATHS = (
					"$(inherited)",
					"@executable_path/Frameworks",
				);
				MARKETING_VERSION = 1.0;
				PRODUCT_BUNDLE_IDENTIFIER = co.appbrewery.Hacker;
				PRODUCT_NAME = "$(TARGET_NAME)";
				SUPPORTS_MACCATALYST = YES;
				SWIFT_EMIT_LOC_STRINGS = YES;
				SWIFT_VERSION = 5.0;
				TARGETED_DEVICE_FAMILY = "1,2";
			};
			name = Release;
		};
/* End XCBuildConfiguration section */

/* Begin XCConfigurationList section */
		A465F9ED285F9173000D91B4 /* Build configuration list for PBXProject "Hacker" */ = {
			isa = XCConfigurationList;
			buildConfigurations = (
				A465F9FE285F9174000D91B4 /* Debug */,
				A465F9FF285F9174000D91B4 /* Release */,
			);
			defaultConfigurationIsVisible = 0;
			defaultConfigurationName = Release;
		};
		A465FA00285F9174000D91B4 /* Build configuration list for PBXNativeTarget "Hacker" */ = {
			isa = XCConfigurationList;
			buildConfigurations = (
				A465FA01285F9174000D91B4 /* Debug */,
				A465FA02285F9174000D91B4 /* Release */,
			);
			defaultConfigurationIsVisible = 0;
			defaultConfigurationName = Release;
		};
/* End XCConfigurationList section */
	};
	rootObject = A465F9EA285F9173000D91B4 /* Project object */;
}
